{
  "name": "jsod",
  "version": "1.0.0",
  "lockfileVersion": 3,
  "requires": true,
  "packages": {
    "": {
      "name": "jsod",
      "version": "1.0.0",
      "license": "ISC",
      "dependencies": {
        "csv-parse": "^5.3.10",
        "csv-stringify": "^6.3.3",
        "readline-sync": "^1.4.10"
      }
    },
    "node_modules/csv-parse": {
      "version": "5.3.10",
      "resolved": "https://registry.npmjs.org/csv-parse/-/csv-parse-5.3.10.tgz",
      "integrity": "sha512-cTXY6iy0gN5Ha/cGILeDgQE+nKiKDU2m0DjSRdJhr86BN3cM7oefBsTk2aH0LQeaYtL7Z7HvW+jYoadmdhzeDA=="
    },
    "node_modules/csv-stringify": {
      "version": "6.3.3",
      "resolved": "https://registry.npmjs.org/csv-stringify/-/csv-stringify-6.3.3.tgz",
      "integrity": "sha512-bL926F/b6oJieWPt0njp3vfu8jySbPsDxCL4VUd9xHsJt3H/YJXLdzqOkh8y5l+1cBYOCEYbHNZ7ipVCfWzYSw=="
    },
    "node_modules/readline-sync": {
      "version": "1.4.10",
      "resolved": "https://registry.npmjs.org/readline-sync/-/readline-sync-1.4.10.tgz",
      "integrity": "sha512-gNva8/6UAe8QYepIQH/jQ2qn91Qj0B9sYjMBBs3QOB8F2CXcKgLxQaJRP76sWVRQt+QU+8fAkCbCvjjMFu7Ycw==",
      "engines": {
        "node": ">= 0.8.0"
      }
    }
  }
}
